// !$*UTF8*$!
{
	archiveVersion = 1;
	classes = {
	};
	objectVersion = 50;
	objects = {

/* Begin PBXBuildFile section */
		1333F95726A6030C005EA0C1 /* AppDelegate.swift in Sources */ = {isa = PBXBuildFile; fileRef = 1333F95626A6030C005EA0C1 /* AppDelegate.swift */; };
		1333F95926A6030C005EA0C1 /* SceneDelegate.swift in Sources */ = {isa = PBXBuildFile; fileRef = 1333F95826A6030C005EA0C1 /* SceneDelegate.swift */; };
		1333F95B26A6030C005EA0C1 /* ViewController.swift in Sources */ = {isa = PBXBuildFile; fileRef = 1333F95A26A6030C005EA0C1 /* ViewController.swift */; };
		1333F95E26A6030C005EA0C1 /* Main.storyboard in Resources */ = {isa = PBXBuildFile; fileRef = 1333F95C26A6030C005EA0C1 /* Main.storyboard */; };
		1333F96126A6030C005EA0C1 /* ToDoList.xcdatamodeld in Sources */ = {isa = PBXBuildFile; fileRef = 1333F95F26A6030C005EA0C1 /* ToDoList.xcdatamodeld */; };
		1333F96326A6030F005EA0C1 /* Assets.xcassets in Resources */ = {isa = PBXBuildFile; fileRef = 1333F96226A6030F005EA0C1 /* Assets.xcassets */; };
		1333F96626A6030F005EA0C1 /* LaunchScreen.storyboard in Resources */ = {isa = PBXBuildFile; fileRef = 1333F96426A6030F005EA0C1 /* LaunchScreen.storyboard */; };
		1333F97126A60310005EA0C1 /* ToDoListTests.swift in Sources */ = {isa = PBXBuildFile; fileRef = 1333F97026A60310005EA0C1 /* ToDoListTests.swift */; };
		1333F97C26A60310005EA0C1 /* ToDoListUITests.swift in Sources */ = {isa = PBXBuildFile; fileRef = 1333F97B26A60310005EA0C1 /* ToDoListUITests.swift */; };
/* End PBXBuildFile section */

/* Begin PBXContainerItemProxy section */
		1333F96D26A60310005EA0C1 /* PBXContainerItemProxy */ = {
			isa = PBXContainerItemProxy;
			containerPortal = 1333F94B26A6030C005EA0C1 /* Project object */;
			proxyType = 1;
			remoteGlobalIDString = 1333F95226A6030C005EA0C1;
			remoteInfo = ToDoList;
		};
		1333F97826A60310005EA0C1 /* PBXContainerItemProxy */ = {
			isa = PBXContainerItemProxy;
			containerPortal = 1333F94B26A6030C005EA0C1 /* Project object */;
			proxyType = 1;
			remoteGlobalIDString = 1333F95226A6030C005EA0C1;
			remoteInfo = ToDoList;
		};
/* End PBXContainerItemProxy section */

/* Begin PBXFileReference section */
		1333F95326A6030C005EA0C1 /* ToDoList.app */ = {isa = PBXFileReference; explicitFileType = wrapper.application; includeInIndex = 0; path = ToDoList.app; sourceTree = BUILT_PRODUCTS_DIR; };
		1333F95626A6030C005EA0C1 /* AppDelegate.swift */ = {isa = PBXFileReference; lastKnownFileType = sourcecode.swift; path = AppDelegate.swift; sourceTree = "<group>"; };
		1333F95826A6030C005EA0C1 /* SceneDelegate.swift */ = {isa = PBXFileReference; lastKnownFileType = sourcecode.swift; path = SceneDelegate.swift; sourceTree = "<group>"; };
		1333F95A26A6030C005EA0C1 /* ViewController.swift */ = {isa = PBXFileReference; lastKnownFileType = sourcecode.swift; path = ViewController.swift; sourceTree = "<group>"; };
		1333F95D26A6030C005EA0C1 /* Base */ = {isa = PBXFileReference; lastKnownFileType = file.storyboard; name = Base; path = Base.lproj/Main.storyboard; sourceTree = "<group>"; };
		1333F96026A6030C005EA0C1 /* ToDoList.xcdatamodel */ = {isa = PBXFileReference; lastKnownFileType = wrapper.xcdatamodel; path = ToDoList.xcdatamodel; sourceTree = "<group>"; };
		1333F96226A6030F005EA0C1 /* Assets.xcassets */ = {isa = PBXFileReference; lastKnownFileType = folder.assetcatalog; path = Assets.xcassets; sourceTree = "<group>"; };
		1333F96526A6030F005EA0C1 /* Base */ = {isa = PBXFileReference; lastKnownFileType = file.storyboard; name = Base; path = Base.lproj/LaunchScreen.storyboard; sourceTree = "<group>"; };
		1333F96726A6030F005EA0C1 /* Info.plist */ = {isa = PBXFileReference; lastKnownFileType = text.plist.xml; path = Info.plist; sourceTree = "<group>"; };
		1333F96C26A60310005EA0C1 /* ToDoListTests.xctest */ = {isa = PBXFileReference; explicitFileType = wrapper.cfbundle; includeInIndex = 0; path = ToDoListTests.xctest; sourceTree = BUILT_PRODUCTS_DIR; };
		1333F97026A60310005EA0C1 /* ToDoListTests.swift */ = {isa = PBXFileReference; lastKnownFileType = sourcecode.swift; path = ToDoListTests.swift; sourceTree = "<group>"; };
		1333F97226A60310005EA0C1 /* Info.plist */ = {isa = PBXFileReference; lastKnownFileType = text.plist.xml; path = Info.plist; sourceTree = "<group>"; };
		1333F97726A60310005EA0C1 /* ToDoListUITests.xctest */ = {isa = PBXFileReference; explicitFileType = wrapper.cfbundle; includeInIndex = 0; path = ToDoListUITests.xctest; sourceTree = BUILT_PRODUCTS_DIR; };
		1333F97B26A60310005EA0C1 /* ToDoListUITests.swift */ = {isa = PBXFileReference; lastKnownFileType = sourcecode.swift; path = ToDoListUITests.swift; sourceTree = "<group>"; };
		1333F97D26A60310005EA0C1 /* Info.plist */ = {isa = PBXFileReference; lastKnownFileType = text.plist.xml; path = Info.plist; sourceTree = "<group>"; };
/* End PBXFileReference section */

/* Begin PBXFrameworksBuildPhase section */
		1333F95026A6030C005EA0C1 /* Frameworks */ = {
			isa = PBXFrameworksBuildPhase;
			buildActionMask = 2147483647;
			files = (
			);
			runOnlyForDeploymentPostprocessing = 0;
		};
		1333F96926A60310005EA0C1 /* Frameworks */ = {
			isa = PBXFrameworksBuildPhase;
			buildActionMask = 2147483647;
			files = (
			);
			runOnlyForDeploymentPostprocessing = 0;
		};
		1333F97426A60310005EA0C1 /* Frameworks */ = {
			isa = PBXFrameworksBuildPhase;
			buildActionMask = 2147483647;
			files = (
			);
			runOnlyForDeploymentPostprocessing = 0;
		};
/* End PBXFrameworksBuildPhase section */

/* Begin PBXGroup section */
		1333F94A26A6030C005EA0C1 = {
			isa = PBXGroup;
			children = (
				1333F95526A6030C005EA0C1 /* ToDoList */,
				1333F96F26A60310005EA0C1 /* ToDoListTests */,
				1333F97A26A60310005EA0C1 /* ToDoListUITests */,
				1333F95426A6030C005EA0C1 /* Products */,
			);
			sourceTree = "<group>";
		};
		1333F95426A6030C005EA0C1 /* Products */ = {
			isa = PBXGroup;
			children = (
				1333F95326A6030C005EA0C1 /* ToDoList.app */,
				1333F96C26A60310005EA0C1 /* ToDoListTests.xctest */,
				1333F97726A60310005EA0C1 /* ToDoListUITests.xctest */,
			);
			name = Products;
			sourceTree = "<group>";
		};
		1333F95526A6030C005EA0C1 /* ToDoList */ = {
			isa = PBXGroup;
			children = (
				1333F95626A6030C005EA0C1 /* AppDelegate.swift */,
				1333F95826A6030C005EA0C1 /* SceneDelegate.swift */,
				1333F95A26A6030C005EA0C1 /* ViewController.swift */,
				1333F95C26A6030C005EA0C1 /* Main.storyboard */,
				1333F96226A6030F005EA0C1 /* Assets.xcassets */,
				1333F96426A6030F005EA0C1 /* LaunchScreen.storyboard */,
				1333F96726A6030F005EA0C1 /* Info.plist */,
				1333F95F26A6030C005EA0C1 /* ToDoList.xcdatamodeld */,
			);
			path = ToDoList;
			sourceTree = "<group>";
		};
		1333F96F26A60310005EA0C1 /* ToDoListTests */ = {
			isa = PBXGroup;
			children = (
				1333F97026A60310005EA0C1 /* ToDoListTests.swift */,
				1333F97226A60310005EA0C1 /* Info.plist */,
			);
			path = ToDoListTests;
			sourceTree = "<group>";
		};
		1333F97A26A60310005EA0C1 /* ToDoListUITests */ = {
			isa = PBXGroup;
			children = (
				1333F97B26A60310005EA0C1 /* ToDoListUITests.swift */,
				1333F97D26A60310005EA0C1 /* Info.plist */,
			);
			path = ToDoListUITests;
			sourceTree = "<group>";
		};
/* End PBXGroup section */

/* Begin PBXNativeTarget section */
		1333F95226A6030C005EA0C1 /* ToDoList */ = {
			isa = PBXNativeTarget;
			buildConfigurationList = 1333F98026A60310005EA0C1 /* Build configuration list for PBXNativeTarget "ToDoList" */;
			buildPhases = (
				1333F94F26A6030C005EA0C1 /* Sources */,
				1333F95026A6030C005EA0C1 /* Frameworks */,
				1333F95126A6030C005EA0C1 /* Resources */,
			);
			buildRules = (
			);
			dependencies = (
			);
			name = ToDoList;
			productName = ToDoList;
			productReference = 1333F95326A6030C005EA0C1 /* ToDoList.app */;
			productType = "com.apple.product-type.application";
		};
		1333F96B26A60310005EA0C1 /* ToDoListTests */ = {
			isa = PBXNativeTarget;
			buildConfigurationList = 1333F98326A60310005EA0C1 /* Build configuration list for PBXNativeTarget "ToDoListTests" */;
			buildPhases = (
				1333F96826A60310005EA0C1 /* Sources */,
				1333F96926A60310005EA0C1 /* Frameworks */,
				1333F96A26A60310005EA0C1 /* Resources */,
			);
			buildRules = (
			);
			dependencies = (
				1333F96E26A60310005EA0C1 /* PBXTargetDependency */,
			);
			name = ToDoListTests;
			productName = ToDoListTests;
			productReference = 1333F96C26A60310005EA0C1 /* ToDoListTests.xctest */;
			productType = "com.apple.product-type.bundle.unit-test";
		};
		1333F97626A60310005EA0C1 /* ToDoListUITests */ = {
			isa = PBXNativeTarget;
			buildConfigurationList = 1333F98626A60310005EA0C1 /* Build configuration list for PBXNativeTarget "ToDoListUITests" */;
			buildPhases = (
				1333F97326A60310005EA0C1 /* Sources */,
				1333F97426A60310005EA0C1 /* Frameworks */,
				1333F97526A60310005EA0C1 /* Resources */,
			);
			buildRules = (
			);
			dependencies = (
				1333F97926A60310005EA0C1 /* PBXTargetDependency */,
			);
			name = ToDoListUITests;
			productName = ToDoListUITests;
			productReference = 1333F97726A60310005EA0C1 /* ToDoListUITests.xctest */;
			productType = "com.apple.product-type.bundle.ui-testing";
		};
/* End PBXNativeTarget section */

/* Begin PBXProject section */
		1333F94B26A6030C005EA0C1 /* Project object */ = {
			isa = PBXProject;
			attributes = {
				LastSwiftUpdateCheck = 1250;
				LastUpgradeCheck = 1250;
				TargetAttributes = {
					1333F95226A6030C005EA0C1 = {
						CreatedOnToolsVersion = 12.5.1;
					};
					1333F96B26A60310005EA0C1 = {
						CreatedOnToolsVersion = 12.5.1;
						TestTargetID = 1333F95226A6030C005EA0C1;
					};
					1333F97626A60310005EA0C1 = {
						CreatedOnToolsVersion = 12.5.1;
						TestTargetID = 1333F95226A6030C005EA0C1;
					};
				};
			};
			buildConfigurationList = 1333F94E26A6030C005EA0C1 /* Build configuration list for PBXProject "ToDoList" */;
			compatibilityVersion = "Xcode 9.3";
			developmentRegion = en;
			hasScannedForEncodings = 0;
			knownRegions = (
				en,
				Base,
			);
			mainGroup = 1333F94A26A6030C005EA0C1;
			productRefGroup = 1333F95426A6030C005EA0C1 /* Products */;
			projectDirPath = "";
			projectRoot = "";
			targets = (
				1333F95226A6030C005EA0C1 /* ToDoList */,
				1333F96B26A60310005EA0C1 /* ToDoListTests */,
				1333F97626A60310005EA0C1 /* ToDoListUITests */,
			);
		};
/* End PBXProject section */

/* Begin PBXResourcesBuildPhase section */
		1333F95126A6030C005EA0C1 /* Resources */ = {
			isa = PBXResourcesBuildPhase;
			buildActionMask = 2147483647;
			files = (
				1333F96626A6030F005EA0C1 /* LaunchScreen.storyboard in Resources */,
				1333F96326A6030F005EA0C1 /* Assets.xcassets in Resources */,
				1333F95E26A6030C005EA0C1 /* Main.storyboard in Resources */,
			);
			runOnlyForDeploymentPostprocessing = 0;
		};
		1333F96A26A60310005EA0C1 /* Resources */ = {
			isa = PBXResourcesBuildPhase;
			buildActionMask = 2147483647;
			files = (
			);
			runOnlyForDeploymentPostprocessing = 0;
		};
		1333F97526A60310005EA0C1 /* Resources */ = {
			isa = PBXResourcesBuildPhase;
			buildActionMask = 2147483647;
			files = (
			);
			runOnlyForDeploymentPostprocessing = 0;
		};
/* End PBXResourcesBuildPhase section */

/* Begin PBXSourcesBuildPhase section */
		1333F94F26A6030C005EA0C1 /* Sources */ = {
			isa = PBXSourcesBuildPhase;
			buildActionMask = 2147483647;
			files = (
				1333F95B26A6030C005EA0C1 /* ViewController.swift in Sources */,
				1333F95726A6030C005EA0C1 /* AppDelegate.swift in Sources */,
				1333F95926A6030C005EA0C1 /* SceneDelegate.swift in Sources */,
				1333F96126A6030C005EA0C1 /* ToDoList.xcdatamodeld in Sources */,
			);
			runOnlyForDeploymentPostprocessing = 0;
		};
		1333F96826A60310005EA0C1 /* Sources */ = {
			isa = PBXSourcesBuildPhase;
			buildActionMask = 2147483647;
			files = (
				1333F97126A60310005EA0C1 /* ToDoListTests.swift in Sources */,
			);
			runOnlyForDeploymentPostprocessing = 0;
		};
		1333F97326A60310005EA0C1 /* Sources */ = {
			isa = PBXSourcesBuildPhase;
			buildActionMask = 2147483647;
			files = (
				1333F97C26A60310005EA0C1 /* ToDoListUITests.swift in Sources */,
			);
			runOnlyForDeploymentPostprocessing = 0;
		};
/* End PBXSourcesBuildPhase section */

/* Begin PBXTargetDependency section */
		1333F96E26A60310005EA0C1 /* PBXTargetDependency */ = {
			isa = PBXTargetDependency;
			target = 1333F95226A6030C005EA0C1 /* ToDoList */;
			targetProxy = 1333F96D26A60310005EA0C1 /* PBXContainerItemProxy */;
		};
		1333F97926A60310005EA0C1 /* PBXTargetDependency */ = {
			isa = PBXTargetDependency;
			target = 1333F95226A6030C005EA0C1 /* ToDoList */;
			targetProxy = 1333F97826A60310005EA0C1 /* PBXContainerItemProxy */;
		};
/* End PBXTargetDependency section */

/* Begin PBXVariantGroup section */
		1333F95C26A6030C005EA0C1 /* Main.storyboard */ = {
			isa = PBXVariantGroup;
			children = (
				1333F95D26A6030C005EA0C1 /* Base */,
			);
			name = Main.storyboard;
			sourceTree = "<group>";
		};
		1333F96426A6030F005EA0C1 /* LaunchScreen.storyboard */ = {
			isa = PBXVariantGroup;
			children = (
				1333F96526A6030F005EA0C1 /* Base */,
			);
			name = LaunchScreen.storyboard;
			sourceTree = "<group>";
		};
/* End PBXVariantGroup section */

/* Begin XCBuildConfiguration section */
		1333F97E26A60310005EA0C1 /* Debug */ = {
			isa = XCBuildConfiguration;
			buildSettings = {
				ALWAYS_SEARCH_USER_PATHS = NO;
				CLANG_ANALYZER_NONNULL = YES;
				CLANG_ANALYZER_NUMBER_OBJECT_CONVERSION = YES_AGGRESSIVE;
				CLANG_CXX_LANGUAGE_STANDARD = "gnu++14";
				CLANG_CXX_LIBRARY = "libc++";
				CLANG_ENABLE_MODULES = YES;
				CLANG_ENABLE_OBJC_ARC = YES;
				CLANG_ENABLE_OBJC_WEAK = YES;
				CLANG_WARN_BLOCK_CAPTURE_AUTORELEASING = YES;
				CLANG_WARN_BOOL_CONVERSION = YES;
				CLANG_WARN_COMMA = YES;
				CLANG_WARN_CONSTANT_CONVERSION = YES;
				CLANG_WARN_DEPRECATED_OBJC_IMPLEMENTATIONS = YES;
				CLANG_WARN_DIRECT_OBJC_ISA_USAGE = YES_ERROR;
				CLANG_WARN_DOCUMENTATION_COMMENTS = YES;
				CLANG_WARN_EMPTY_BODY = YES;
				CLANG_WARN_ENUM_CONVERSION = YES;
				CLANG_WARN_INFINITE_RECURSION = YES;
				CLANG_WARN_INT_CONVERSION = YES;
				CLANG_WARN_NON_LITERAL_NULL_CONVERSION = YES;
				CLANG_WARN_OBJC_IMPLICIT_RETAIN_SELF = YES;
				CLANG_WARN_OBJC_LITERAL_CONVERSION = YES;
				CLANG_WARN_OBJC_ROOT_CLASS = YES_ERROR;
				CLANG_WARN_QUOTED_INCLUDE_IN_FRAMEWORK_HEADER = YES;
				CLANG_WARN_RANGE_LOOP_ANALYSIS = YES;
				CLANG_WARN_STRICT_PROTOTYPES = YES;
				CLANG_WARN_SUSPICIOUS_MOVE = YES;
				CLANG_WARN_UNGUARDED_AVAILABILITY = YES_AGGRESSIVE;
				CLANG_WARN_UNREACHABLE_CODE = YES;
				CLANG_WARN__DUPLICATE_METHOD_MATCH = YES;
				COPY_PHASE_STRIP = NO;
				DEBUG_INFORMATION_FORMAT = dwarf;
				ENABLE_STRICT_OBJC_MSGSEND = YES;
				ENABLE_TESTABILITY = YES;
				GCC_C_LANGUAGE_STANDARD = gnu11;
				GCC_DYNAMIC_NO_PIC = NO;
				GCC_NO_COMMON_BLOCKS = YES;
				GCC_OPTIMIZATION_LEVEL = 0;
				GCC_PREPROCESSOR_DEFINITIONS = (
					"DEBUG=1",
					"$(inherited)",
				);
				GCC_WARN_64_TO_32_BIT_CONVERSION = YES;
				GCC_WARN_ABOUT_RETURN_TYPE = YES_ERROR;
				GCC_WARN_UNDECLARED_SELECTOR = YES;
				GCC_WARN_UNINITIALIZED_AUTOS = YES_AGGRESSIVE;
				GCC_WARN_UNUSED_FUNCTION = YES;
				GCC_WARN_UNUSED_VARIABLE = YES;
				IPHONEOS_DEPLOYMENT_TARGET = 14.5;
				MTL_ENABLE_DEBUG_INFO = INCLUDE_SOURCE;
				MTL_FAST_MATH = YES;
				ONLY_ACTIVE_ARCH = YES;
				SDKROOT = iphoneos;
				SWIFT_ACTIVE_COMPILATION_CONDITIONS = DEBUG;
				SWIFT_OPTIMIZATION_LEVEL = "-Onone";
			};
			name = Debug;
		};
		1333F97F26A60310005EA0C1 /* Release */ = {
			isa = XCBuildConfiguration;
			buildSettings = {
				ALWAYS_SEARCH_USER_PATHS = NO;
				CLANG_ANALYZER_NONNULL = YES;
				CLANG_ANALYZER_NUMBER_OBJECT_CONVERSION = YES_AGGRESSIVE;
				CLANG_CXX_LANGUAGE_STANDARD = "gnu++14";
				CLANG_CXX_LIBRARY = "libc++";
				CLANG_ENABLE_MODULES = YES;
				CLANG_ENABLE_OBJC_ARC = YES;
				CLANG_ENABLE_OBJC_WEAK = YES;
				CLANG_WARN_BLOCK_CAPTURE_AUTORELEASING = YES;
				CLANG_WARN_BOOL_CONVERSION = YES;
				CLANG_WARN_COMMA = YES;
				CLANG_WARN_CONSTANT_CONVERSION = YES;
				CLANG_WARN_DEPRECATED_OBJC_IMPLEMENTATIONS = YES;
				CLANG_WARN_DIRECT_OBJC_ISA_USAGE = YES_ERROR;
				CLANG_WARN_DOCUMENTATION_COMMENTS = YES;
				CLANG_WARN_EMPTY_BODY = YES;
				CLANG_WARN_ENUM_CONVERSION = YES;
				CLANG_WARN_INFINITE_RECURSION = YES;
				CLANG_WARN_INT_CONVERSION = YES;
				CLANG_WARN_NON_LITERAL_NULL_CONVERSION = YES;
				CLANG_WARN_OBJC_IMPLICIT_RETAIN_SELF = YES;
				CLANG_WARN_OBJC_LITERAL_CONVERSION = YES;
				CLANG_WARN_OBJC_ROOT_CLASS = YES_ERROR;
				CLANG_WARN_QUOTED_INCLUDE_IN_FRAMEWORK_HEADER = YES;
				CLANG_WARN_RANGE_LOOP_ANALYSIS = YES;
				CLANG_WARN_STRICT_PROTOTYPES = YES;
				CLANG_WARN_SUSPICIOUS_MOVE = YES;
				CLANG_WARN_UNGUARDED_AVAILABILITY = YES_AGGRESSIVE;
				CLANG_WARN_UNREACHABLE_CODE = YES;
				CLANG_WARN__DUPLICATE_METHOD_MATCH = YES;
				COPY_PHASE_STRIP = NO;
				DEBUG_INFORMATION_FORMAT = "dwarf-with-dsym";
				ENABLE_NS_ASSERTIONS = NO;
				ENABLE_STRICT_OBJC_MSGSEND = YES;
				GCC_C_LANGUAGE_STANDARD = gnu11;
				GCC_NO_COMMON_BLOCKS = YES;
				GCC_WARN_64_TO_32_BIT_CONVERSION = YES;
				GCC_WARN_ABOUT_RETURN_TYPE = YES_ERROR;
				GCC_WARN_UNDECLARED_SELECTOR = YES;
				GCC_WARN_UNINITIALIZED_AUTOS = YES_AGGRESSIVE;
				GCC_WARN_UNUSED_FUNCTION = YES;
				GCC_WARN_UNUSED_VARIABLE = YES;
				IPHONEOS_DEPLOYMENT_TARGET = 14.5;
				MTL_ENABLE_DEBUG_INFO = NO;
				MTL_FAST_MATH = YES;
				SDKROOT = iphoneos;
				SWIFT_COMPILATION_MODE = wholemodule;
				SWIFT_OPTIMIZATION_LEVEL = "-O";
				VALIDATE_PRODUCT = YES;
			};
			name = Release;
		};
		1333F98126A60310005EA0C1 /* Debug */ = {
			isa = XCBuildConfiguration;
			buildSettings = {
				ASSETCATALOG_COMPILER_APPICON_NAME = AppIcon;
				ASSETCATALOG_COMPILER_GLOBAL_ACCENT_COLOR_NAME = AccentColor;
				CODE_SIGN_STYLE = Automatic;
				INFOPLIST_FILE = ToDoList/Info.plist;
				LD_RUNPATH_SEARCH_PATHS = (
					"$(inherited)",
					"@executable_path/Frameworks",
				);
				PRODUCT_BUNDLE_IDENTIFIER = "kwk-2021.ToDoList";
				PRODUCT_NAME = "$(TARGET_NAME)";
				SWIFT_VERSION = 5.0;
				TARGETED_DEVICE_FAMILY = "1,2";
			};
			name = Debug;
		};
		1333F98226A60310005EA0C1 /* Release */ = {
			isa = XCBuildConfiguration;
			buildSettings = {
				ASSETCATALOG_COMPILER_APPICON_NAME = AppIcon;
				ASSETCATALOG_COMPILER_GLOBAL_ACCENT_COLOR_NAME = AccentColor;
				CODE_SIGN_STYLE = Automatic;
				INFOPLIST_FILE = ToDoList/Info.plist;
				LD_RUNPATH_SEARCH_PATHS = (
					"$(inherited)",
					"@executable_path/Frameworks",
				);
				PRODUCT_BUNDLE_IDENTIFIER = "kwk-2021.ToDoList";
				PRODUCT_NAME = "$(TARGET_NAME)";
				SWIFT_VERSION = 5.0;
				TARGETED_DEVICE_FAMILY = "1,2";
			};
			name = Release;
		};
		1333F98426A60310005EA0C1 /* Debug */ = {
			isa = XCBuildConfiguration;
			buildSettings = {
				ALWAYS_EMBED_SWIFT_STANDARD_LIBRARIES = YES;
				BUNDLE_LOADER = "$(TEST_HOST)";
				CODE_SIGN_STYLE = Automatic;
				INFOPLIST_FILE = ToDoListTests/Info.plist;
				IPHONEOS_DEPLOYMENT_TARGET = 14.5;
				LD_RUNPATH_SEARCH_PATHS = (
					"$(inherited)",
					"@executable_path/Frameworks",
					"@loader_path/Frameworks",
				);
				PRODUCT_BUNDLE_IDENTIFIER = "kwk-2021.ToDoListTests";
				PRODUCT_NAME = "$(TARGET_NAME)";
				SWIFT_VERSION = 5.0;
				TARGETED_DEVICE_FAMILY = "1,2";
				TEST_HOST = "$(BUILT_PRODUCTS_DIR)/ToDoList.app/ToDoList";
			};
			name = Debug;
		};
		1333F98526A60310005EA0C1 /* Release */ = {
			isa = XCBuildConfiguration;
			buildSettings = {
				ALWAYS_EMBED_SWIFT_STANDARD_LIBRARIES = YES;
				BUNDLE_LOADER = "$(TEST_HOST)";
				CODE_SIGN_STYLE = Automatic;
				INFOPLIST_FILE = ToDoListTests/Info.plist;
				IPHONEOS_DEPLOYMENT_TARGET = 14.5;
				LD_RUNPATH_SEARCH_PATHS = (
					"$(inherited)",
					"@executable_path/Frameworks",
					"@loader_path/Frameworks",
				);
				PRODUCT_BUNDLE_IDENTIFIER = "kwk-2021.ToDoListTests";
				PRODUCT_NAME = "$(TARGET_NAME)";
				SWIFT_VERSION = 5.0;
				TARGETED_DEVICE_FAMILY = "1,2";
				TEST_HOST = "$(BUILT_PRODUCTS_DIR)/ToDoList.app/ToDoList";
			};
			name = Release;
		};
		1333F98726A60310005EA0C1 /* Debug */ = {
			isa = XCBuildConfiguration;
			buildSettings = {
				ALWAYS_EMBED_SWIFT_STANDARD_LIBRARIES = YES;
				CODE_SIGN_STYLE = Automatic;
				INFOPLIST_FILE = ToDoListUITests/Info.plist;
				LD_RUNPATH_SEARCH_PATHS = (
					"$(inherited)",
					"@executable_path/Frameworks",
					"@loader_path/Frameworks",
				);
				PRODUCT_BUNDLE_IDENTIFIER = "kwk-2021.ToDoListUITests";
				PRODUCT_NAME = "$(TARGET_NAME)";
				SWIFT_VERSION = 5.0;
				TARGETED_DEVICE_FAMILY = "1,2";
				TEST_TARGET_NAME = ToDoList;
			};
			name = Debug;
		};
		1333F98826A60310005EA0C1 /* Release */ = {
			isa = XCBuildConfiguration;
			buildSettings = {
				ALWAYS_EMBED_SWIFT_STANDARD_LIBRARIES = YES;
				CODE_SIGN_STYLE = Automatic;
				INFOPLIST_FILE = ToDoListUITests/Info.plist;
				LD_RUNPATH_SEARCH_PATHS = (
					"$(inherited)",
					"@executable_path/Frameworks",
					"@loader_path/Frameworks",
				);
				PRODUCT_BUNDLE_IDENTIFIER = "kwk-2021.ToDoListUITests";
				PRODUCT_NAME = "$(TARGET_NAME)";
				SWIFT_VERSION = 5.0;
				TARGETED_DEVICE_FAMILY = "1,2";
				TEST_TARGET_NAME = ToDoList;
			};
			name = Release;
		};
/* End XCBuildConfiguration section */

/* Begin XCConfigurationList section */
		1333F94E26A6030C005EA0C1 /* Build configuration list for PBXProject "ToDoList" */ = {
			isa = XCConfigurationList;
			buildConfigurations = (
				1333F97E26A60310005EA0C1 /* Debug */,
				1333F97F26A60310005EA0C1 /* Release */,
			);
			defaultConfigurationIsVisible = 0;
			defaultConfigurationName = Release;
		};
		1333F98026A60310005EA0C1 /* Build configuration list for PBXNativeTarget "ToDoList" */ = {
			isa = XCConfigurationList;
			buildConfigurations = (
				1333F98126A60310005EA0C1 /* Debug */,
				1333F98226A60310005EA0C1 /* Release */,
			);
			defaultConfigurationIsVisible = 0;
			defaultConfigurationName = Release;
		};
		1333F98326A60310005EA0C1 /* Build configuration list for PBXNativeTarget "ToDoListTests" */ = {
			isa = XCConfigurationList;
			buildConfigurations = (
				1333F98426A60310005EA0C1 /* Debug */,
				1333F98526A60310005EA0C1 /* Release */,
			);
			defaultConfigurationIsVisible = 0;
			defaultConfigurationName = Release;
		};
		1333F98626A60310005EA0C1 /* Build configuration list for PBXNativeTarget "ToDoListUITests" */ = {
			isa = XCConfigurationList;
			buildConfigurations = (
				1333F98726A60310005EA0C1 /* Debug */,
				1333F98826A60310005EA0C1 /* Release */,
			);
			defaultConfigurationIsVisible = 0;
			defaultConfigurationName = Release;
		};
/* End XCConfigurationList section */

/* Begin XCVersionGroup section */
		1333F95F26A6030C005EA0C1 /* ToDoList.xcdatamodeld */ = {
			isa = XCVersionGroup;
			children = (
				1333F96026A6030C005EA0C1 /* ToDoList.xcdatamodel */,
			);
			currentVersion = 1333F96026A6030C005EA0C1 /* ToDoList.xcdatamodel */;
			path = ToDoList.xcdatamodeld;
			sourceTree = "<group>";
			versionGroupType = wrapper.xcdatamodel;
		};
/* End XCVersionGroup section */
	};
	rootObject = 1333F94B26A6030C005EA0C1 /* Project object */;
}
